
Microsoft Visual Studio Solution File, Format Version 12.00
# Visual Studio Version 16
VisualStudioVersion = 16.0.31105.61
MinimumVisualStudioVersion = 10.0.40219.1
Project("{FAE04EC0-301F-11D3-BF4B-00C04F79EFBC}") = "ClassMetotDemo11", "ClassMetotDemo11\ClassMetotDemo11.csproj", "{3634C56A-6A6A-42C4-9C70-07766660BA0F}"
EndProject
Global
	GlobalSection(SolutionConfigurationPlatforms) = preSolution
		Debug|Any CPU = Debug|Any CPU
		Release|Any CPU = Release|Any CPU
	EndGlobalSection
	GlobalSection(ProjectConfigurationPlatforms) = postSolution
		{3634C56A-6A6A-42C4-9C70-07766660BA0F}.Debug|Any CPU.ActiveCfg = Debug|Any CPU
		{3634C56A-6A6A-42C4-9C70-07766660BA0F}.Debug|Any CPU.Build.0 = Debug|Any CPU
		{3634C56A-6A6A-42C4-9C70-07766660BA0F}.Release|Any CPU.ActiveCfg = Release|Any CPU
		{3634C56A-6A6A-42C4-9C70-07766660BA0F}.Release|Any CPU.Build.0 = Release|Any CPU
	EndGlobalSection
	GlobalSection(SolutionProperties) = preSolution
		HideSolutionNode = FALSE
	EndGlobalSection
	GlobalSection(ExtensibilityGlobals) = postSolution
		SolutionGuid = {82069A11-8052-4254-94B2-F02E956EB7C7}
	EndGlobalSection
EndGlobal
